
Microsoft Visual Studio Solution File, Format Version 12.00
# Visual Studio Version 17
VisualStudioVersion = 17.10.35013.160
MinimumVisualStudioVersion = 10.0.40219.1
Project("{FAE04EC0-301F-11D3-BF4B-00C04F79EFBC}") = "Topic 5.3 - Multiple Conditions", "Topic 5.3 - Multiple Conditions\Topic 5.3 - Multiple Conditions.csproj", "{CDB799B3-516B-4EE0-8479-CA4B12A84E3E}"
EndProject
Global
	GlobalSection(SolutionConfigurationPlatforms) = preSolution
		Debug|Any CPU = Debug|Any CPU
		Release|Any CPU = Release|Any CPU
	EndGlobalSection
	GlobalSection(ProjectConfigurationPlatforms) = postSolution
		{CDB799B3-516B-4EE0-8479-CA4B12A84E3E}.Debug|Any CPU.ActiveCfg = Debug|Any CPU
		{CDB799B3-516B-4EE0-8479-CA4B12A84E3E}.Debug|Any CPU.Build.0 = Debug|Any CPU
		{CDB799B3-516B-4EE0-8479-CA4B12A84E3E}.Release|Any CPU.ActiveCfg = Release|Any CPU
		{CDB799B3-516B-4EE0-8479-CA4B12A84E3E}.Release|Any CPU.Build.0 = Release|Any CPU
	EndGlobalSection
	GlobalSection(SolutionProperties) = preSolution
		HideSolutionNode = FALSE
	EndGlobalSection
	GlobalSection(ExtensibilityGlobals) = postSolution
		SolutionGuid = {E6D1E13A-61EF-40CC-95DB-C5084C740CCF}
	EndGlobalSection
EndGlobal
